
Microsoft Visual Studio Solution File, Format Version 12.00
# Visual Studio Version 16
VisualStudioVersion = 16.0.28729.10
MinimumVisualStudioVersion = 10.0.40219.1
Project("{FAE04EC0-301F-11D3-BF4B-00C04F79EFBC}") = "Task3.MT.MVCWebUI", "Task3.MT.MVCWebUI\Task3.MT.MVCWebUI.csproj", "{E7F36EBA-9410-426E-8E92-64672165797B}"
EndProject
Project("{FAE04EC0-301F-11D3-BF4B-00C04F79EFBC}") = "Task3.Core", "Task3.Core\Task3.Core.csproj", "{A071286E-FC5F-4A27-A00D-38518CF03183}"
EndProject
Project("{FAE04EC0-301F-11D3-BF4B-00C04F79EFBC}") = "Task3.MT.DataAccess", "Task3.MT.DataAccess\Task3.MT.DataAccess.csproj", "{EEA5F653-AE31-4BAC-8A91-0E8DC7843A1F}"
EndProject
Project("{FAE04EC0-301F-11D3-BF4B-00C04F79EFBC}") = "Task3.MT.Entities", "Task3.MT.Entities\Task3.MT.Entities.csproj", "{DCB351BC-2D88-4F07-9D24-C08808D9B0F4}"
EndProject
Project("{FAE04EC0-301F-11D3-BF4B-00C04F79EFBC}") = "Task3.MT.Business", "Task3.MT.Business\Task3.MT.Business.csproj", "{18652E31-8126-4E82-818E-E66121F0FEF8}"
EndProject
Global
	GlobalSection(SolutionConfigurationPlatforms) = preSolution
		Debug|Any CPU = Debug|Any CPU
		Release|Any CPU = Release|Any CPU
	EndGlobalSection
	GlobalSection(ProjectConfigurationPlatforms) = postSolution
		{E7F36EBA-9410-426E-8E92-64672165797B}.Debug|Any CPU.ActiveCfg = Debug|Any CPU
		{E7F36EBA-9410-426E-8E92-64672165797B}.Debug|Any CPU.Build.0 = Debug|Any CPU
		{E7F36EBA-9410-426E-8E92-64672165797B}.Release|Any CPU.ActiveCfg = Release|Any CPU
		{E7F36EBA-9410-426E-8E92-64672165797B}.Release|Any CPU.Build.0 = Release|Any CPU
		{A071286E-FC5F-4A27-A00D-38518CF03183}.Debug|Any CPU.ActiveCfg = Debug|Any CPU
		{A071286E-FC5F-4A27-A00D-38518CF03183}.Debug|Any CPU.Build.0 = Debug|Any CPU
		{A071286E-FC5F-4A27-A00D-38518CF03183}.Release|Any CPU.ActiveCfg = Release|Any CPU
		{A071286E-FC5F-4A27-A00D-38518CF03183}.Release|Any CPU.Build.0 = Release|Any CPU
		{EEA5F653-AE31-4BAC-8A91-0E8DC7843A1F}.Debug|Any CPU.ActiveCfg = Debug|Any CPU
		{EEA5F653-AE31-4BAC-8A91-0E8DC7843A1F}.Debug|Any CPU.Build.0 = Debug|Any CPU
		{EEA5F653-AE31-4BAC-8A91-0E8DC7843A1F}.Release|Any CPU.ActiveCfg = Release|Any CPU
		{EEA5F653-AE31-4BAC-8A91-0E8DC7843A1F}.Release|Any CPU.Build.0 = Release|Any CPU
		{DCB351BC-2D88-4F07-9D24-C08808D9B0F4}.Debug|Any CPU.ActiveCfg = Debug|Any CPU
		{DCB351BC-2D88-4F07-9D24-C08808D9B0F4}.Debug|Any CPU.Build.0 = Debug|Any CPU
		{DCB351BC-2D88-4F07-9D24-C08808D9B0F4}.Release|Any CPU.ActiveCfg = Release|Any CPU
		{DCB351BC-2D88-4F07-9D24-C08808D9B0F4}.Release|Any CPU.Build.0 = Release|Any CPU
		{18652E31-8126-4E82-818E-E66121F0FEF8}.Debug|Any CPU.ActiveCfg = Debug|Any CPU
		{18652E31-8126-4E82-818E-E66121F0FEF8}.Debug|Any CPU.Build.0 = Debug|Any CPU
		{18652E31-8126-4E82-818E-E66121F0FEF8}.Release|Any CPU.ActiveCfg = Release|Any CPU
		{18652E31-8126-4E82-818E-E66121F0FEF8}.Release|Any CPU.Build.0 = Release|Any CPU
	EndGlobalSection
	GlobalSection(SolutionProperties) = preSolution
		HideSolutionNode = FALSE
	EndGlobalSection
	GlobalSection(ExtensibilityGlobals) = postSolution
		SolutionGuid = {7AFD2EF5-1416-42C7-BEAE-BCDD88531FE8}
	EndGlobalSection
EndGlobal
